// !$*UTF8*$!
{
	archiveVersion = 1;
	classes = {
	};
	objectVersion = 56;
	objects = {

/* Begin PBXBuildFile section */
		BB04B4322AA1CBFC0013D816 /* OpenSeaNFTs.docc in Sources */ = {isa = PBXBuildFile; fileRef = BB04B4312AA1CBFC0013D816 /* OpenSeaNFTs.docc */; };
		BB04B4382AA1CBFC0013D816 /* OpenSeaNFTs.framework in Frameworks */ = {isa = PBXBuildFile; fileRef = BB04B42D2AA1CBFC0013D816 /* OpenSeaNFTs.framework */; };
		BB04B43E2AA1CBFC0013D816 /* OpenSeaNFTs.h in Headers */ = {isa = PBXBuildFile; fileRef = BB04B4302AA1CBFC0013D816 /* OpenSeaNFTs.h */; settings = {ATTRIBUTES = (Public, ); }; };
		BB04B4482AA1CC810013D816 /* NFTInfo.swift in Sources */ = {isa = PBXBuildFile; fileRef = BB04B4472AA1CC810013D816 /* NFTInfo.swift */; };
		BB04B44A2AA1CD1A0013D816 /* LoadNFTsFromRemoteUseCaseTests.swift in Sources */ = {isa = PBXBuildFile; fileRef = BB04B4492AA1CD1A0013D816 /* LoadNFTsFromRemoteUseCaseTests.swift */; };
		BB1F9EB52AA2175C007DEB44 /* HTTPClient.swift in Sources */ = {isa = PBXBuildFile; fileRef = BB1F9EB42AA2175C007DEB44 /* HTTPClient.swift */; };
		BB1F9EB72AA22EA3007DEB44 /* NFTsLoader.swift in Sources */ = {isa = PBXBuildFile; fileRef = BB1F9EB62AA22EA3007DEB44 /* NFTsLoader.swift */; };
		BB1F9EB92AA22EDC007DEB44 /* RemoteNFTResponse.swift in Sources */ = {isa = PBXBuildFile; fileRef = BB1F9EB82AA22EDC007DEB44 /* RemoteNFTResponse.swift */; };
		BB1F9EBB2AA22EE9007DEB44 /* RemoteNFTInfo.swift in Sources */ = {isa = PBXBuildFile; fileRef = BB1F9EBA2AA22EE9007DEB44 /* RemoteNFTInfo.swift */; };
		BB1F9EBD2AA22F51007DEB44 /* RemoteNFTsLoader.swift in Sources */ = {isa = PBXBuildFile; fileRef = BB1F9EBC2AA22F51007DEB44 /* RemoteNFTsLoader.swift */; };
		BB1F9EC02AA23041007DEB44 /* URLSessionHTTPClientTests.swift in Sources */ = {isa = PBXBuildFile; fileRef = BB1F9EBF2AA23041007DEB44 /* URLSessionHTTPClientTests.swift */; };
		BB1F9EC32AA230EC007DEB44 /* Helpers.swift in Sources */ = {isa = PBXBuildFile; fileRef = BB1F9EC22AA230EC007DEB44 /* Helpers.swift */; };
		BB1F9EC52AA2312E007DEB44 /* XCTestCase+MemoryTracking.swift in Sources */ = {isa = PBXBuildFile; fileRef = BB1F9EC42AA2312E007DEB44 /* XCTestCase+MemoryTracking.swift */; };
		BB9CBABC2AA234AA00B53981 /* URLSessionHTTPClient.swift in Sources */ = {isa = PBXBuildFile; fileRef = BB9CBABB2AA234AA00B53981 /* URLSessionHTTPClient.swift */; };
/* End PBXBuildFile section */

/* Begin PBXContainerItemProxy section */
		BB04B4392AA1CBFC0013D816 /* PBXContainerItemProxy */ = {
			isa = PBXContainerItemProxy;
			containerPortal = BB04B4242AA1CBFC0013D816 /* Project object */;
			proxyType = 1;
			remoteGlobalIDString = BB04B42C2AA1CBFC0013D816;
			remoteInfo = OpenSeaNFTs;
		};
/* End PBXContainerItemProxy section */

/* Begin PBXFileReference section */
		BB04B42D2AA1CBFC0013D816 /* OpenSeaNFTs.framework */ = {isa = PBXFileReference; explicitFileType = wrapper.framework; includeInIndex = 0; path = OpenSeaNFTs.framework; sourceTree = BUILT_PRODUCTS_DIR; };
		BB04B4302AA1CBFC0013D816 /* OpenSeaNFTs.h */ = {isa = PBXFileReference; lastKnownFileType = sourcecode.c.h; path = OpenSeaNFTs.h; sourceTree = "<group>"; };
		BB04B4312AA1CBFC0013D816 /* OpenSeaNFTs.docc */ = {isa = PBXFileReference; lastKnownFileType = folder.documentationcatalog; path = OpenSeaNFTs.docc; sourceTree = "<group>"; };
		BB04B4372AA1CBFC0013D816 /* OpenSeaNFTsTests.xctest */ = {isa = PBXFileReference; explicitFileType = wrapper.cfbundle; includeInIndex = 0; path = OpenSeaNFTsTests.xctest; sourceTree = BUILT_PRODUCTS_DIR; };
		BB04B4472AA1CC810013D816 /* NFTInfo.swift */ = {isa = PBXFileReference; lastKnownFileType = sourcecode.swift; path = NFTInfo.swift; sourceTree = "<group>"; };
		BB04B4492AA1CD1A0013D816 /* LoadNFTsFromRemoteUseCaseTests.swift */ = {isa = PBXFileReference; lastKnownFileType = sourcecode.swift; path = LoadNFTsFromRemoteUseCaseTests.swift; sourceTree = "<group>"; };
		BB1F9EB42AA2175C007DEB44 /* HTTPClient.swift */ = {isa = PBXFileReference; lastKnownFileType = sourcecode.swift; path = HTTPClient.swift; sourceTree = "<group>"; };
		BB1F9EB62AA22EA3007DEB44 /* NFTsLoader.swift */ = {isa = PBXFileReference; lastKnownFileType = sourcecode.swift; path = NFTsLoader.swift; sourceTree = "<group>"; };
		BB1F9EB82AA22EDC007DEB44 /* RemoteNFTResponse.swift */ = {isa = PBXFileReference; lastKnownFileType = sourcecode.swift; path = RemoteNFTResponse.swift; sourceTree = "<group>"; };
		BB1F9EBA2AA22EE9007DEB44 /* RemoteNFTInfo.swift */ = {isa = PBXFileReference; lastKnownFileType = sourcecode.swift; path = RemoteNFTInfo.swift; sourceTree = "<group>"; };
		BB1F9EBC2AA22F51007DEB44 /* RemoteNFTsLoader.swift */ = {isa = PBXFileReference; lastKnownFileType = sourcecode.swift; path = RemoteNFTsLoader.swift; sourceTree = "<group>"; };
		BB1F9EBF2AA23041007DEB44 /* URLSessionHTTPClientTests.swift */ = {isa = PBXFileReference; lastKnownFileType = sourcecode.swift; path = URLSessionHTTPClientTests.swift; sourceTree = "<group>"; };
		BB1F9EC22AA230EC007DEB44 /* Helpers.swift */ = {isa = PBXFileReference; lastKnownFileType = sourcecode.swift; path = Helpers.swift; sourceTree = "<group>"; };
		BB1F9EC42AA2312E007DEB44 /* XCTestCase+MemoryTracking.swift */ = {isa = PBXFileReference; lastKnownFileType = sourcecode.swift; path = "XCTestCase+MemoryTracking.swift"; sourceTree = "<group>"; };
		BB9CBABB2AA234AA00B53981 /* URLSessionHTTPClient.swift */ = {isa = PBXFileReference; lastKnownFileType = sourcecode.swift; path = URLSessionHTTPClient.swift; sourceTree = "<group>"; };
		BB9CBABD2AA2350300B53981 /* OpenSeaNFTs.xctestplan */ = {isa = PBXFileReference; lastKnownFileType = text; path = OpenSeaNFTs.xctestplan; sourceTree = "<group>"; };
/* End PBXFileReference section */

/* Begin PBXFrameworksBuildPhase section */
		BB04B42A2AA1CBFC0013D816 /* Frameworks */ = {
			isa = PBXFrameworksBuildPhase;
			buildActionMask = 2147483647;
			files = (
			);
			runOnlyForDeploymentPostprocessing = 0;
		};
		BB04B4342AA1CBFC0013D816 /* Frameworks */ = {
			isa = PBXFrameworksBuildPhase;
			buildActionMask = 2147483647;
			files = (
				BB04B4382AA1CBFC0013D816 /* OpenSeaNFTs.framework in Frameworks */,
			);
			runOnlyForDeploymentPostprocessing = 0;
		};
/* End PBXFrameworksBuildPhase section */

/* Begin PBXGroup section */
		BB04B4232AA1CBFC0013D816 = {
			isa = PBXGroup;
			children = (
				BB04B42F2AA1CBFC0013D816 /* OpenSeaNFTs */,
				BB04B43B2AA1CBFC0013D816 /* OpenSeaNFTsTests */,
				BB04B42E2AA1CBFC0013D816 /* Products */,
			);
			sourceTree = "<group>";
		};
		BB04B42E2AA1CBFC0013D816 /* Products */ = {
			isa = PBXGroup;
			children = (
				BB04B42D2AA1CBFC0013D816 /* OpenSeaNFTs.framework */,
				BB04B4372AA1CBFC0013D816 /* OpenSeaNFTsTests.xctest */,
			);
			name = Products;
			sourceTree = "<group>";
		};
		BB04B42F2AA1CBFC0013D816 /* OpenSeaNFTs */ = {
			isa = PBXGroup;
			children = (
				BB1F9EB32AA2174A007DEB44 /* Features */,
				BB04B4302AA1CBFC0013D816 /* OpenSeaNFTs.h */,
				BB04B4312AA1CBFC0013D816 /* OpenSeaNFTs.docc */,
			);
			path = OpenSeaNFTs;
			sourceTree = "<group>";
		};
		BB04B43B2AA1CBFC0013D816 /* OpenSeaNFTsTests */ = {
			isa = PBXGroup;
			children = (
				BB9CBABD2AA2350300B53981 /* OpenSeaNFTs.xctestplan */,
				BB1F9EC22AA230EC007DEB44 /* Helpers.swift */,
				BB1F9EC42AA2312E007DEB44 /* XCTestCase+MemoryTracking.swift */,
				BB04B4492AA1CD1A0013D816 /* LoadNFTsFromRemoteUseCaseTests.swift */,
				BB1F9EBF2AA23041007DEB44 /* URLSessionHTTPClientTests.swift */,
			);
			path = OpenSeaNFTsTests;
			sourceTree = "<group>";
		};
		BB1F9EB32AA2174A007DEB44 /* Features */ = {
			isa = PBXGroup;
			children = (
				BB04B4472AA1CC810013D816 /* NFTInfo.swift */,
				BB1F9EB62AA22EA3007DEB44 /* NFTsLoader.swift */,
				BB1F9EBE2AA22FEE007DEB44 /* Remote */,
			);
			path = Features;
			sourceTree = "<group>";
		};
		BB1F9EBE2AA22FEE007DEB44 /* Remote */ = {
			isa = PBXGroup;
			children = (
				BB1F9EB42AA2175C007DEB44 /* HTTPClient.swift */,
				BB1F9EB82AA22EDC007DEB44 /* RemoteNFTResponse.swift */,
				BB1F9EBA2AA22EE9007DEB44 /* RemoteNFTInfo.swift */,
				BB1F9EBC2AA22F51007DEB44 /* RemoteNFTsLoader.swift */,
				BB9CBABB2AA234AA00B53981 /* URLSessionHTTPClient.swift */,
			);
			path = Remote;
			sourceTree = "<group>";
		};
/* End PBXGroup section */

/* Begin PBXHeadersBuildPhase section */
		BB04B4282AA1CBFC0013D816 /* Headers */ = {
			isa = PBXHeadersBuildPhase;
			buildActionMask = 2147483647;
			files = (
				BB04B43E2AA1CBFC0013D816 /* OpenSeaNFTs.h in Headers */,
			);
			runOnlyForDeploymentPostprocessing = 0;
		};
/* End PBXHeadersBuildPhase section */

/* Begin PBXNativeTarget section */
		BB04B42C2AA1CBFC0013D816 /* OpenSeaNFTs */ = {
			isa = PBXNativeTarget;
			buildConfigurationList = BB04B4412AA1CBFC0013D816 /* Build configuration list for PBXNativeTarget "OpenSeaNFTs" */;
			buildPhases = (
				BB04B4282AA1CBFC0013D816 /* Headers */,
				BB04B4292AA1CBFC0013D816 /* Sources */,
				BB04B42A2AA1CBFC0013D816 /* Frameworks */,
				BB04B42B2AA1CBFC0013D816 /* Resources */,
			);
			buildRules = (
			);
			dependencies = (
			);
			name = OpenSeaNFTs;
			productName = OpenSeaNFTs;
			productReference = BB04B42D2AA1CBFC0013D816 /* OpenSeaNFTs.framework */;
			productType = "com.apple.product-type.framework";
		};
		BB04B4362AA1CBFC0013D816 /* OpenSeaNFTsTests */ = {
			isa = PBXNativeTarget;
			buildConfigurationList = BB04B4442AA1CBFC0013D816 /* Build configuration list for PBXNativeTarget "OpenSeaNFTsTests" */;
			buildPhases = (
				BB04B4332AA1CBFC0013D816 /* Sources */,
				BB04B4342AA1CBFC0013D816 /* Frameworks */,
				BB04B4352AA1CBFC0013D816 /* Resources */,
			);
			buildRules = (
			);
			dependencies = (
				BB04B43A2AA1CBFC0013D816 /* PBXTargetDependency */,
			);
			name = OpenSeaNFTsTests;
			productName = OpenSeaNFTsTests;
			productReference = BB04B4372AA1CBFC0013D816 /* OpenSeaNFTsTests.xctest */;
			productType = "com.apple.product-type.bundle.unit-test";
		};
/* End PBXNativeTarget section */

/* Begin PBXProject section */
		BB04B4242AA1CBFC0013D816 /* Project object */ = {
			isa = PBXProject;
			attributes = {
				BuildIndependentTargetsInParallel = 1;
				LastSwiftUpdateCheck = 1430;
				LastUpgradeCheck = 1430;
				TargetAttributes = {
					BB04B42C2AA1CBFC0013D816 = {
						CreatedOnToolsVersion = 14.3.1;
					};
					BB04B4362AA1CBFC0013D816 = {
						CreatedOnToolsVersion = 14.3.1;
						LastSwiftMigration = 1430;
					};
				};
			};
			buildConfigurationList = BB04B4272AA1CBFC0013D816 /* Build configuration list for PBXProject "OpenSeaNFTs" */;
			compatibilityVersion = "Xcode 14.0";
			developmentRegion = en;
			hasScannedForEncodings = 0;
			knownRegions = (
				en,
				Base,
			);
			mainGroup = BB04B4232AA1CBFC0013D816;
			productRefGroup = BB04B42E2AA1CBFC0013D816 /* Products */;
			projectDirPath = "";
			projectRoot = "";
			targets = (
				BB04B42C2AA1CBFC0013D816 /* OpenSeaNFTs */,
				BB04B4362AA1CBFC0013D816 /* OpenSeaNFTsTests */,
			);
		};
/* End PBXProject section */

/* Begin PBXResourcesBuildPhase section */
		BB04B42B2AA1CBFC0013D816 /* Resources */ = {
			isa = PBXResourcesBuildPhase;
			buildActionMask = 2147483647;
			files = (
			);
			runOnlyForDeploymentPostprocessing = 0;
		};
		BB04B4352AA1CBFC0013D816 /* Resources */ = {
			isa = PBXResourcesBuildPhase;
			buildActionMask = 2147483647;
			files = (
			);
			runOnlyForDeploymentPostprocessing = 0;
		};
/* End PBXResourcesBuildPhase section */

/* Begin PBXSourcesBuildPhase section */
		BB04B4292AA1CBFC0013D816 /* Sources */ = {
			isa = PBXSourcesBuildPhase;
			buildActionMask = 2147483647;
			files = (
				BB04B4482AA1CC810013D816 /* NFTInfo.swift in Sources */,
				BB1F9EB92AA22EDC007DEB44 /* RemoteNFTResponse.swift in Sources */,
				BB1F9EBB2AA22EE9007DEB44 /* RemoteNFTInfo.swift in Sources */,
				BB9CBABC2AA234AA00B53981 /* URLSessionHTTPClient.swift in Sources */,
				BB1F9EB72AA22EA3007DEB44 /* NFTsLoader.swift in Sources */,
				BB04B4322AA1CBFC0013D816 /* OpenSeaNFTs.docc in Sources */,
				BB1F9EB52AA2175C007DEB44 /* HTTPClient.swift in Sources */,
				BB1F9EBD2AA22F51007DEB44 /* RemoteNFTsLoader.swift in Sources */,
			);
			runOnlyForDeploymentPostprocessing = 0;
		};
		BB04B4332AA1CBFC0013D816 /* Sources */ = {
			isa = PBXSourcesBuildPhase;
			buildActionMask = 2147483647;
			files = (
				BB1F9EC52AA2312E007DEB44 /* XCTestCase+MemoryTracking.swift in Sources */,
				BB04B44A2AA1CD1A0013D816 /* LoadNFTsFromRemoteUseCaseTests.swift in Sources */,
				BB1F9EC32AA230EC007DEB44 /* Helpers.swift in Sources */,
				BB1F9EC02AA23041007DEB44 /* URLSessionHTTPClientTests.swift in Sources */,
			);
			runOnlyForDeploymentPostprocessing = 0;
		};
/* End PBXSourcesBuildPhase section */

/* Begin PBXTargetDependency section */
		BB04B43A2AA1CBFC0013D816 /* PBXTargetDependency */ = {
			isa = PBXTargetDependency;
			target = BB04B42C2AA1CBFC0013D816 /* OpenSeaNFTs */;
			targetProxy = BB04B4392AA1CBFC0013D816 /* PBXContainerItemProxy */;
		};
/* End PBXTargetDependency section */

/* Begin XCBuildConfiguration section */
		BB04B43F2AA1CBFC0013D816 /* Debug */ = {
			isa = XCBuildConfiguration;
			buildSettings = {
				ALWAYS_SEARCH_USER_PATHS = NO;
				CLANG_ANALYZER_NONNULL = YES;
				CLANG_ANALYZER_NUMBER_OBJECT_CONVERSION = YES_AGGRESSIVE;
				CLANG_CXX_LANGUAGE_STANDARD = "gnu++20";
				CLANG_ENABLE_MODULES = YES;
				CLANG_ENABLE_OBJC_ARC = YES;
				CLANG_ENABLE_OBJC_WEAK = YES;
				CLANG_WARN_BLOCK_CAPTURE_AUTORELEASING = YES;
				CLANG_WARN_BOOL_CONVERSION = YES;
				CLANG_WARN_COMMA = YES;
				CLANG_WARN_CONSTANT_CONVERSION = YES;
				CLANG_WARN_DEPRECATED_OBJC_IMPLEMENTATIONS = YES;
				CLANG_WARN_DIRECT_OBJC_ISA_USAGE = YES_ERROR;
				CLANG_WARN_DOCUMENTATION_COMMENTS = YES;
				CLANG_WARN_EMPTY_BODY = YES;
				CLANG_WARN_ENUM_CONVERSION = YES;
				CLANG_WARN_INFINITE_RECURSION = YES;
				CLANG_WARN_INT_CONVERSION = YES;
				CLANG_WARN_NON_LITERAL_NULL_CONVERSION = YES;
				CLANG_WARN_OBJC_IMPLICIT_RETAIN_SELF = YES;
				CLANG_WARN_OBJC_LITERAL_CONVERSION = YES;
				CLANG_WARN_OBJC_ROOT_CLASS = YES_ERROR;
				CLANG_WARN_QUOTED_INCLUDE_IN_FRAMEWORK_HEADER = YES;
				CLANG_WARN_RANGE_LOOP_ANALYSIS = YES;
				CLANG_WARN_STRICT_PROTOTYPES = YES;
				CLANG_WARN_SUSPICIOUS_MOVE = YES;
				CLANG_WARN_UNGUARDED_AVAILABILITY = YES_AGGRESSIVE;
				CLANG_WARN_UNREACHABLE_CODE = YES;
				CLANG_WARN__DUPLICATE_METHOD_MATCH = YES;
				COPY_PHASE_STRIP = NO;
				CURRENT_PROJECT_VERSION = 1;
				DEBUG_INFORMATION_FORMAT = dwarf;
				ENABLE_STRICT_OBJC_MSGSEND = YES;
				ENABLE_TESTABILITY = YES;
				GCC_C_LANGUAGE_STANDARD = gnu11;
				GCC_DYNAMIC_NO_PIC = NO;
				GCC_NO_COMMON_BLOCKS = YES;
				GCC_OPTIMIZATION_LEVEL = 0;
				GCC_PREPROCESSOR_DEFINITIONS = (
					"DEBUG=1",
					"$(inherited)",
				);
				GCC_WARN_64_TO_32_BIT_CONVERSION = YES;
				GCC_WARN_ABOUT_RETURN_TYPE = YES_ERROR;
				GCC_WARN_UNDECLARED_SELECTOR = YES;
				GCC_WARN_UNINITIALIZED_AUTOS = YES_AGGRESSIVE;
				GCC_WARN_UNUSED_FUNCTION = YES;
				GCC_WARN_UNUSED_VARIABLE = YES;
				MACOSX_DEPLOYMENT_TARGET = 13.1;
				MTL_ENABLE_DEBUG_INFO = INCLUDE_SOURCE;
				MTL_FAST_MATH = YES;
				ONLY_ACTIVE_ARCH = YES;
				SDKROOT = macosx;
				SWIFT_ACTIVE_COMPILATION_CONDITIONS = DEBUG;
				SWIFT_OPTIMIZATION_LEVEL = "-Onone";
				VERSIONING_SYSTEM = "apple-generic";
				VERSION_INFO_PREFIX = "";
			};
			name = Debug;
		};
		BB04B4402AA1CBFC0013D816 /* Release */ = {
			isa = XCBuildConfiguration;
			buildSettings = {
				ALWAYS_SEARCH_USER_PATHS = NO;
				CLANG_ANALYZER_NONNULL = YES;
				CLANG_ANALYZER_NUMBER_OBJECT_CONVERSION = YES_AGGRESSIVE;
				CLANG_CXX_LANGUAGE_STANDARD = "gnu++20";
				CLANG_ENABLE_MODULES = YES;
				CLANG_ENABLE_OBJC_ARC = YES;
				CLANG_ENABLE_OBJC_WEAK = YES;
				CLANG_WARN_BLOCK_CAPTURE_AUTORELEASING = YES;
				CLANG_WARN_BOOL_CONVERSION = YES;
				CLANG_WARN_COMMA = YES;
				CLANG_WARN_CONSTANT_CONVERSION = YES;
				CLANG_WARN_DEPRECATED_OBJC_IMPLEMENTATIONS = YES;
				CLANG_WARN_DIRECT_OBJC_ISA_USAGE = YES_ERROR;
				CLANG_WARN_DOCUMENTATION_COMMENTS = YES;
				CLANG_WARN_EMPTY_BODY = YES;
				CLANG_WARN_ENUM_CONVERSION = YES;
				CLANG_WARN_INFINITE_RECURSION = YES;
				CLANG_WARN_INT_CONVERSION = YES;
				CLANG_WARN_NON_LITERAL_NULL_CONVERSION = YES;
				CLANG_WARN_OBJC_IMPLICIT_RETAIN_SELF = YES;
				CLANG_WARN_OBJC_LITERAL_CONVERSION = YES;
				CLANG_WARN_OBJC_ROOT_CLASS = YES_ERROR;
				CLANG_WARN_QUOTED_INCLUDE_IN_FRAMEWORK_HEADER = YES;
				CLANG_WARN_RANGE_LOOP_ANALYSIS = YES;
				CLANG_WARN_STRICT_PROTOTYPES = YES;
				CLANG_WARN_SUSPICIOUS_MOVE = YES;
				CLANG_WARN_UNGUARDED_AVAILABILITY = YES_AGGRESSIVE;
				CLANG_WARN_UNREACHABLE_CODE = YES;
				CLANG_WARN__DUPLICATE_METHOD_MATCH = YES;
				COPY_PHASE_STRIP = NO;
				CURRENT_PROJECT_VERSION = 1;
				DEBUG_INFORMATION_FORMAT = "dwarf-with-dsym";
				ENABLE_NS_ASSERTIONS = NO;
				ENABLE_STRICT_OBJC_MSGSEND = YES;
				GCC_C_LANGUAGE_STANDARD = gnu11;
				GCC_NO_COMMON_BLOCKS = YES;
				GCC_WARN_64_TO_32_BIT_CONVERSION = YES;
				GCC_WARN_ABOUT_RETURN_TYPE = YES_ERROR;
				GCC_WARN_UNDECLARED_SELECTOR = YES;
				GCC_WARN_UNINITIALIZED_AUTOS = YES_AGGRESSIVE;
				GCC_WARN_UNUSED_FUNCTION = YES;
				GCC_WARN_UNUSED_VARIABLE = YES;
				MACOSX_DEPLOYMENT_TARGET = 13.1;
				MTL_ENABLE_DEBUG_INFO = NO;
				MTL_FAST_MATH = YES;
				SDKROOT = macosx;
				SWIFT_COMPILATION_MODE = wholemodule;
				SWIFT_OPTIMIZATION_LEVEL = "-O";
				VERSIONING_SYSTEM = "apple-generic";
				VERSION_INFO_PREFIX = "";
			};
			name = Release;
		};
		BB04B4422AA1CBFC0013D816 /* Debug */ = {
			isa = XCBuildConfiguration;
			buildSettings = {
				CODE_SIGN_STYLE = Automatic;
				COMBINE_HIDPI_IMAGES = YES;
				CURRENT_PROJECT_VERSION = 1;
				DEFINES_MODULE = YES;
				DYLIB_COMPATIBILITY_VERSION = 1;
				DYLIB_CURRENT_VERSION = 1;
				DYLIB_INSTALL_NAME_BASE = "@rpath";
				ENABLE_MODULE_VERIFIER = YES;
				GENERATE_INFOPLIST_FILE = YES;
				INFOPLIST_KEY_NSHumanReadableCopyright = "";
				INSTALL_PATH = "$(LOCAL_LIBRARY_DIR)/Frameworks";
				LD_RUNPATH_SEARCH_PATHS = (
					"$(inherited)",
					"@executable_path/../Frameworks",
					"@loader_path/Frameworks",
				);
				MARKETING_VERSION = 1.0;
				MODULE_VERIFIER_SUPPORTED_LANGUAGES = "objective-c objective-c++";
				MODULE_VERIFIER_SUPPORTED_LANGUAGE_STANDARDS = "gnu11 gnu++20";
				PRODUCT_BUNDLE_IDENTIFIER = me.slchen.OpenSeaNFTs;
				PRODUCT_NAME = "$(TARGET_NAME:c99extidentifier)";
				SKIP_INSTALL = YES;
				SWIFT_EMIT_LOC_STRINGS = YES;
				SWIFT_VERSION = 5.0;
			};
			name = Debug;
		};
		BB04B4432AA1CBFC0013D816 /* Release */ = {
			isa = XCBuildConfiguration;
			buildSettings = {
				CODE_SIGN_STYLE = Automatic;
				COMBINE_HIDPI_IMAGES = YES;
				CURRENT_PROJECT_VERSION = 1;
				DEFINES_MODULE = YES;
				DYLIB_COMPATIBILITY_VERSION = 1;
				DYLIB_CURRENT_VERSION = 1;
				DYLIB_INSTALL_NAME_BASE = "@rpath";
				ENABLE_MODULE_VERIFIER = YES;
				GENERATE_INFOPLIST_FILE = YES;
				INFOPLIST_KEY_NSHumanReadableCopyright = "";
				INSTALL_PATH = "$(LOCAL_LIBRARY_DIR)/Frameworks";
				LD_RUNPATH_SEARCH_PATHS = (
					"$(inherited)",
					"@executable_path/../Frameworks",
					"@loader_path/Frameworks",
				);
				MARKETING_VERSION = 1.0;
				MODULE_VERIFIER_SUPPORTED_LANGUAGES = "objective-c objective-c++";
				MODULE_VERIFIER_SUPPORTED_LANGUAGE_STANDARDS = "gnu11 gnu++20";
				PRODUCT_BUNDLE_IDENTIFIER = me.slchen.OpenSeaNFTs;
				PRODUCT_NAME = "$(TARGET_NAME:c99extidentifier)";
				SKIP_INSTALL = YES;
				SWIFT_EMIT_LOC_STRINGS = YES;
				SWIFT_VERSION = 5.0;
			};
			name = Release;
		};
		BB04B4452AA1CBFC0013D816 /* Debug */ = {
			isa = XCBuildConfiguration;
			buildSettings = {
				ALWAYS_EMBED_SWIFT_STANDARD_LIBRARIES = YES;
				CLANG_ENABLE_MODULES = YES;
				CODE_SIGN_STYLE = Automatic;
				CURRENT_PROJECT_VERSION = 1;
				GENERATE_INFOPLIST_FILE = YES;
				MARKETING_VERSION = 1.0;
				PRODUCT_BUNDLE_IDENTIFIER = me.slchen.OpenSeaNFTsTests;
				PRODUCT_NAME = "$(TARGET_NAME)";
				SWIFT_EMIT_LOC_STRINGS = NO;
				SWIFT_OPTIMIZATION_LEVEL = "-Onone";
				SWIFT_VERSION = 5.0;
			};
			name = Debug;
		};
		BB04B4462AA1CBFC0013D816 /* Release */ = {
			isa = XCBuildConfiguration;
			buildSettings = {
				ALWAYS_EMBED_SWIFT_STANDARD_LIBRARIES = YES;
				CLANG_ENABLE_MODULES = YES;
				CODE_SIGN_STYLE = Automatic;
				CURRENT_PROJECT_VERSION = 1;
				GENERATE_INFOPLIST_FILE = YES;
				MARKETING_VERSION = 1.0;
				PRODUCT_BUNDLE_IDENTIFIER = me.slchen.OpenSeaNFTsTests;
				PRODUCT_NAME = "$(TARGET_NAME)";
				SWIFT_EMIT_LOC_STRINGS = NO;
				SWIFT_VERSION = 5.0;
			};
			name = Release;
		};
/* End XCBuildConfiguration section */

/* Begin XCConfigurationList section */
		BB04B4272AA1CBFC0013D816 /* Build configuration list for PBXProject "OpenSeaNFTs" */ = {
			isa = XCConfigurationList;
			buildConfigurations = (
				BB04B43F2AA1CBFC0013D816 /* Debug */,
				BB04B4402AA1CBFC0013D816 /* Release */,
			);
			defaultConfigurationIsVisible = 0;
			defaultConfigurationName = Release;
		};
		BB04B4412AA1CBFC0013D816 /* Build configuration list for PBXNativeTarget "OpenSeaNFTs" */ = {
			isa = XCConfigurationList;
			buildConfigurations = (
				BB04B4422AA1CBFC0013D816 /* Debug */,
				BB04B4432AA1CBFC0013D816 /* Release */,
			);
			defaultConfigurationIsVisible = 0;
			defaultConfigurationName = Release;
		};
		BB04B4442AA1CBFC0013D816 /* Build configuration list for PBXNativeTarget "OpenSeaNFTsTests" */ = {
			isa = XCConfigurationList;
			buildConfigurations = (
				BB04B4452AA1CBFC0013D816 /* Debug */,
				BB04B4462AA1CBFC0013D816 /* Release */,
			);
			defaultConfigurationIsVisible = 0;
			defaultConfigurationName = Release;
		};
/* End XCConfigurationList section */
	};
	rootObject = BB04B4242AA1CBFC0013D816 /* Project object */;
}
